
Microsoft Visual Studio Solution File, Format Version 12.00
# Visual Studio Version 17
VisualStudioVersion = 17.13.35806.99 d17.13
MinimumVisualStudioVersion = 10.0.40219.1
Project("{FAE04EC0-301F-11D3-BF4B-00C04F79EFBC}") = "OnlineLearning", "OnlineLearning.csproj", "{25A336A1-E531-4CFF-9229-375E2706751B}"
EndProject
Global
	GlobalSection(SolutionConfigurationPlatforms) = preSolution
		Debug|Any CPU = Debug|Any CPU
		Release|Any CPU = Release|Any CPU
	EndGlobalSection
	GlobalSection(ProjectConfigurationPlatforms) = postSolution
		{25A336A1-E531-4CFF-9229-375E2706751B}.Debug|Any CPU.ActiveCfg = Debug|Any CPU
		{25A336A1-E531-4CFF-9229-375E2706751B}.Debug|Any CPU.Build.0 = Debug|Any CPU
		{25A336A1-E531-4CFF-9229-375E2706751B}.Release|Any CPU.ActiveCfg = Release|Any CPU
		{25A336A1-E531-4CFF-9229-375E2706751B}.Release|Any CPU.Build.0 = Release|Any CPU
	EndGlobalSection
	GlobalSection(SolutionProperties) = preSolution
		HideSolutionNode = FALSE
	EndGlobalSection
	GlobalSection(ExtensibilityGlobals) = postSolution
		SolutionGuid = {D14FFC04-9EED-44C6-BCF3-CCB025DD41EA}
	EndGlobalSection
EndGlobal
